
Microsoft Visual Studio Solution File, Format Version 12.00
# Visual Studio 15
VisualStudioVersion = 15.0.28010.2026
MinimumVisualStudioVersion = 10.0.40219.1
Project("{9A19103F-16F7-4668-BE54-9A1E7A4F7556}") = "Octovisor.Server", "Octovisor.Server\Octovisor.Server.csproj", "{6D0F9A36-0301-41BC-A1DD-5C04C53954F2}"
EndProject
Project("{9A19103F-16F7-4668-BE54-9A1E7A4F7556}") = "Octovisor.Client", "Octovisor.Client\Octovisor.Client.csproj", "{1B6F2BDA-033B-49EE-8CDC-63B613D09D51}"
EndProject
Project("{9A19103F-16F7-4668-BE54-9A1E7A4F7556}") = "Octovisor.Messages", "Octovisor.Messages\Octovisor.Messages.csproj", "{465E4A56-039F-4539-B320-68AD4F3ECE1F}"
EndProject
Project("{9A19103F-16F7-4668-BE54-9A1E7A4F7556}") = "Octovisor.Tests.Client", "Octovisor.Tests.Client\Octovisor.Tests.Client.csproj", "{77570E73-C2BA-40CE-AA58-05815FB63C9E}"
EndProject
Project("{2150E333-8FDC-42A3-9474-1A3956D46DE8}") = "Octovisor.Tests", "Octovisor.Tests", "{FD0C5B9B-F0ED-4492-985C-C79796B10A32}"
EndProject
Project("{9A19103F-16F7-4668-BE54-9A1E7A4F7556}") = "Octovisor.Tests.Client2", "Octovisor.Tests.Client2\Octovisor.Tests.Client2.csproj", "{9E375B8F-6BEB-43D4-B647-9CD2948EC674}"
EndProject
Global
	GlobalSection(SolutionConfigurationPlatforms) = preSolution
		Debug|Any CPU = Debug|Any CPU
		Release|Any CPU = Release|Any CPU
	EndGlobalSection
	GlobalSection(ProjectConfigurationPlatforms) = postSolution
		{6D0F9A36-0301-41BC-A1DD-5C04C53954F2}.Debug|Any CPU.ActiveCfg = Debug|Any CPU
		{6D0F9A36-0301-41BC-A1DD-5C04C53954F2}.Debug|Any CPU.Build.0 = Debug|Any CPU
		{6D0F9A36-0301-41BC-A1DD-5C04C53954F2}.Release|Any CPU.ActiveCfg = Release|Any CPU
		{6D0F9A36-0301-41BC-A1DD-5C04C53954F2}.Release|Any CPU.Build.0 = Release|Any CPU
		{1B6F2BDA-033B-49EE-8CDC-63B613D09D51}.Debug|Any CPU.ActiveCfg = Debug|Any CPU
		{1B6F2BDA-033B-49EE-8CDC-63B613D09D51}.Debug|Any CPU.Build.0 = Debug|Any CPU
		{1B6F2BDA-033B-49EE-8CDC-63B613D09D51}.Release|Any CPU.ActiveCfg = Release|Any CPU
		{1B6F2BDA-033B-49EE-8CDC-63B613D09D51}.Release|Any CPU.Build.0 = Release|Any CPU
		{465E4A56-039F-4539-B320-68AD4F3ECE1F}.Debug|Any CPU.ActiveCfg = Debug|Any CPU
		{465E4A56-039F-4539-B320-68AD4F3ECE1F}.Debug|Any CPU.Build.0 = Debug|Any CPU
		{465E4A56-039F-4539-B320-68AD4F3ECE1F}.Release|Any CPU.ActiveCfg = Release|Any CPU
		{465E4A56-039F-4539-B320-68AD4F3ECE1F}.Release|Any CPU.Build.0 = Release|Any CPU
		{77570E73-C2BA-40CE-AA58-05815FB63C9E}.Debug|Any CPU.ActiveCfg = Debug|Any CPU
		{77570E73-C2BA-40CE-AA58-05815FB63C9E}.Debug|Any CPU.Build.0 = Debug|Any CPU
		{77570E73-C2BA-40CE-AA58-05815FB63C9E}.Release|Any CPU.ActiveCfg = Release|Any CPU
		{77570E73-C2BA-40CE-AA58-05815FB63C9E}.Release|Any CPU.Build.0 = Release|Any CPU
		{9E375B8F-6BEB-43D4-B647-9CD2948EC674}.Debug|Any CPU.ActiveCfg = Debug|Any CPU
		{9E375B8F-6BEB-43D4-B647-9CD2948EC674}.Debug|Any CPU.Build.0 = Debug|Any CPU
		{9E375B8F-6BEB-43D4-B647-9CD2948EC674}.Release|Any CPU.ActiveCfg = Release|Any CPU
		{9E375B8F-6BEB-43D4-B647-9CD2948EC674}.Release|Any CPU.Build.0 = Release|Any CPU
	EndGlobalSection
	GlobalSection(SolutionProperties) = preSolution
		HideSolutionNode = FALSE
	EndGlobalSection
	GlobalSection(NestedProjects) = preSolution
		{77570E73-C2BA-40CE-AA58-05815FB63C9E} = {FD0C5B9B-F0ED-4492-985C-C79796B10A32}
		{9E375B8F-6BEB-43D4-B647-9CD2948EC674} = {FD0C5B9B-F0ED-4492-985C-C79796B10A32}
	EndGlobalSection
	GlobalSection(ExtensibilityGlobals) = postSolution
		SolutionGuid = {3AC2A292-B5CF-4304-A3DF-5FF29DC4D126}
	EndGlobalSection
EndGlobal
